// !$*UTF8*$!
{
	archiveVersion = 1;
	classes = {
	};
	objectVersion = 46;
	objects = {

/* Begin PBXBuildFile section */
		59342B2C5CE898427024205F /* libPods-demo.a in Frameworks */ = {isa = PBXBuildFile; fileRef = DD954DF0B51ACB37686BA910 /* libPods-demo.a */; };
		CF3E588E1DF6591100A1DA17 /* main.m in Sources */ = {isa = PBXBuildFile; fileRef = CF3E588D1DF6591100A1DA17 /* main.m */; };
		CF3E58911DF6591100A1DA17 /* AppDelegate.m in Sources */ = {isa = PBXBuildFile; fileRef = CF3E58901DF6591100A1DA17 /* AppDelegate.m */; };
		CF3E589C1DF6591100A1DA17 /* LaunchScreen.storyboard in Resources */ = {isa = PBXBuildFile; fileRef = CF3E589A1DF6591100A1DA17 /* LaunchScreen.storyboard */; };
		CF3E58A71DF6591100A1DA17 /* demoTests.m in Sources */ = {isa = PBXBuildFile; fileRef = CF3E58A61DF6591100A1DA17 /* demoTests.m */; };
		CF3E58B21DF6591100A1DA17 /* demoUITests.m in Sources */ = {isa = PBXBuildFile; fileRef = CF3E58B11DF6591100A1DA17 /* demoUITests.m */; };
		CF3E58C31DF65A7400A1DA17 /* CooTekVoipSDK.m in Sources */ = {isa = PBXBuildFile; fileRef = CF3E58C21DF65A7400A1DA17 /* CooTekVoipSDK.m */; };
		CF5D667A1DFA553D00EAA027 /* AVFoundation.framework in Frameworks */ = {isa = PBXBuildFile; fileRef = CF5D66791DFA553D00EAA027 /* AVFoundation.framework */; };
		CF5D667C1DFA558C00EAA027 /* CoreTelephony.framework in Frameworks */ = {isa = PBXBuildFile; fileRef = CF5D667B1DFA558C00EAA027 /* CoreTelephony.framework */; };
		CF5D66A71DFA5DCF00EAA027 /* AudioToolbox.framework in Frameworks */ = {isa = PBXBuildFile; fileRef = CF5D66A61DFA5DCF00EAA027 /* AudioToolbox.framework */; };
		CF5D66A91DFA609500EAA027 /* libstdc++.tbd in Frameworks */ = {isa = PBXBuildFile; fileRef = CF5D66A81DFA609500EAA027 /* libstdc++.tbd */; };
		CF5D66AB1DFA609C00EAA027 /* libstdc++.6.0.9.tbd in Frameworks */ = {isa = PBXBuildFile; fileRef = CF5D66AA1DFA609C00EAA027 /* libstdc++.6.0.9.tbd */; };
		CF5D66AD1DFA60EE00EAA027 /* libz.1.2.5.tbd in Frameworks */ = {isa = PBXBuildFile; fileRef = CF5D66AC1DFA60EE00EAA027 /* libz.1.2.5.tbd */; };
		CF5D66AF1DFA60FA00EAA027 /* libsqlite3.0.tbd in Frameworks */ = {isa = PBXBuildFile; fileRef = CF5D66AE1DFA60FA00EAA027 /* libsqlite3.0.tbd */; };
		CF5D66B11DFA610D00EAA027 /* libiconv.2.4.0.tbd in Frameworks */ = {isa = PBXBuildFile; fileRef = CF5D66B01DFA610D00EAA027 /* libiconv.2.4.0.tbd */; };
		CF5D66B31DFA611800EAA027 /* libobjc.A.tbd in Frameworks */ = {isa = PBXBuildFile; fileRef = CF5D66B21DFA611800EAA027 /* libobjc.A.tbd */; };
		CF5D66B51DFA612000EAA027 /* libxml2.2.tbd in Frameworks */ = {isa = PBXBuildFile; fileRef = CF5D66B41DFA612000EAA027 /* libxml2.2.tbd */; };
		CF5D66B71DFA612800EAA027 /* libsqlite3.tbd in Frameworks */ = {isa = PBXBuildFile; fileRef = CF5D66B61DFA612800EAA027 /* libsqlite3.tbd */; };
		CF5D66CB1DFE4A3D00EAA027 /* HttpRequest.m in Sources */ = {isa = PBXBuildFile; fileRef = CF5D66CA1DFE4A3D00EAA027 /* HttpRequest.m */; };
		CF5D66CE1DFE6E8800EAA027 /* BaseParams.m in Sources */ = {isa = PBXBuildFile; fileRef = CF5D66CD1DFE6E8800EAA027 /* BaseParams.m */; };
		CF5D66DA1DFE83AF00EAA027 /* BaseRespondModel.m in Sources */ = {isa = PBXBuildFile; fileRef = CF5D66D91DFE83AF00EAA027 /* BaseRespondModel.m */; };
		CF5D66DD1DFE842C00EAA027 /* LoginResondModel.m in Sources */ = {isa = PBXBuildFile; fileRef = CF5D66DC1DFE842C00EAA027 /* LoginResondModel.m */; };
		CF5D66E31DFE89D000EAA027 /* LoginRequestModel.m in Sources */ = {isa = PBXBuildFile; fileRef = CF5D66E21DFE89D000EAA027 /* LoginRequestModel.m */; };
		CF5D66E61DFEA8A500EAA027 /* AccountManager.m in Sources */ = {isa = PBXBuildFile; fileRef = CF5D66E51DFEA8A500EAA027 /* AccountManager.m */; };
		CF5D66E91DFEA8EA00EAA027 /* UserInfoModel.m in Sources */ = {isa = PBXBuildFile; fileRef = CF5D66E81DFEA8EA00EAA027 /* UserInfoModel.m */; };
		CF5D66EF1DFEAAAD00EAA027 /* MainPresenter.m in Sources */ = {isa = PBXBuildFile; fileRef = CF5D66EE1DFEAAAD00EAA027 /* MainPresenter.m */; };
		CF5D66F51DFEB39000EAA027 /* DeviceInfoModel.m in Sources */ = {isa = PBXBuildFile; fileRef = CF5D66F41DFEB39000EAA027 /* DeviceInfoModel.m */; };
		CF5D66F81DFEB94C00EAA027 /* SystemUtil.m in Sources */ = {isa = PBXBuildFile; fileRef = CF5D66F71DFEB94C00EAA027 /* SystemUtil.m */; };
		CF8338991DF9557F003BF485 /* PJSIP in Resources */ = {isa = PBXBuildFile; fileRef = CF8338981DF9557F003BF485 /* PJSIP */; };
		CF90B1771DF6B54C0000254B /* LoginPage.m in Sources */ = {isa = PBXBuildFile; fileRef = CF90B1761DF6B54C0000254B /* LoginPage.m */; };
		CF90B17A1DF6B5B10000254B /* MainPage.m in Sources */ = {isa = PBXBuildFile; fileRef = CF90B1791DF6B5B10000254B /* MainPage.m */; };
		CF90B17D1DF6C58A0000254B /* Assets.xcassets in Resources */ = {isa = PBXBuildFile; fileRef = CF90B17B1DF6C4810000254B /* Assets.xcassets */; };
		CF90B1831DF7A9B00000254B /* ByUtils.m in Sources */ = {isa = PBXBuildFile; fileRef = CF90B1821DF7A9B00000254B /* ByUtils.m */; };
		CFADB5461DF7E71F00C18472 /* UILabel+ContentSize.m in Sources */ = {isa = PBXBuildFile; fileRef = CFADB5431DF7E71F00C18472 /* UILabel+ContentSize.m */; };
		CFADB5471DF7E71F00C18472 /* UIView+Frame.m in Sources */ = {isa = PBXBuildFile; fileRef = CFADB5451DF7E71F00C18472 /* UIView+Frame.m */; };
		CFADB54B1DF7EA1800C18472 /* PalTextField.m in Sources */ = {isa = PBXBuildFile; fileRef = CFADB54A1DF7EA1800C18472 /* PalTextField.m */; };
		CFADB5521DF8159900C18472 /* ByToast.m in Sources */ = {isa = PBXBuildFile; fileRef = CFADB5511DF8159900C18472 /* ByToast.m */; };
		CFADB5551DF9011800C18472 /* LoginPresenter.m in Sources */ = {isa = PBXBuildFile; fileRef = CFADB5541DF9011800C18472 /* LoginPresenter.m */; };
/* End PBXBuildFile section */

/* Begin PBXContainerItemProxy section */
		CF3E58A31DF6591100A1DA17 /* PBXContainerItemProxy */ = {
			isa = PBXContainerItemProxy;
			containerPortal = CF3E58811DF6591100A1DA17 /* Project object */;
			proxyType = 1;
			remoteGlobalIDString = CF3E58881DF6591100A1DA17;
			remoteInfo = demo;
		};
		CF3E58AE1DF6591100A1DA17 /* PBXContainerItemProxy */ = {
			isa = PBXContainerItemProxy;
			containerPortal = CF3E58811DF6591100A1DA17 /* Project object */;
			proxyType = 1;
			remoteGlobalIDString = CF3E58881DF6591100A1DA17;
			remoteInfo = demo;
		};
/* End PBXContainerItemProxy section */

/* Begin PBXFileReference section */
		9B8AC4CB024E39CBD11D9C99 /* Pods-demo.release.xcconfig */ = {isa = PBXFileReference; includeInIndex = 1; lastKnownFileType = text.xcconfig; name = "Pods-demo.release.xcconfig"; path = "Pods/Target Support Files/Pods-demo/Pods-demo.release.xcconfig"; sourceTree = "<group>"; };
		CF3E58891DF6591100A1DA17 /* demo.app */ = {isa = PBXFileReference; explicitFileType = wrapper.application; includeInIndex = 0; path = demo.app; sourceTree = BUILT_PRODUCTS_DIR; };
		CF3E588D1DF6591100A1DA17 /* main.m */ = {isa = PBXFileReference; lastKnownFileType = sourcecode.c.objc; path = main.m; sourceTree = "<group>"; };
		CF3E588F1DF6591100A1DA17 /* AppDelegate.h */ = {isa = PBXFileReference; lastKnownFileType = sourcecode.c.h; path = AppDelegate.h; sourceTree = "<group>"; };
		CF3E58901DF6591100A1DA17 /* AppDelegate.m */ = {isa = PBXFileReference; lastKnownFileType = sourcecode.c.objc; path = AppDelegate.m; sourceTree = "<group>"; };
		CF3E589B1DF6591100A1DA17 /* Base */ = {isa = PBXFileReference; lastKnownFileType = file.storyboard; name = Base; path = Base.lproj/LaunchScreen.storyboard; sourceTree = "<group>"; };
		CF3E589D1DF6591100A1DA17 /* Info.plist */ = {isa = PBXFileReference; lastKnownFileType = text.plist.xml; path = Info.plist; sourceTree = "<group>"; };
		CF3E58A21DF6591100A1DA17 /* demoTests.xctest */ = {isa = PBXFileReference; explicitFileType = wrapper.cfbundle; includeInIndex = 0; path = demoTests.xctest; sourceTree = BUILT_PRODUCTS_DIR; };
		CF3E58A61DF6591100A1DA17 /* demoTests.m */ = {isa = PBXFileReference; lastKnownFileType = sourcecode.c.objc; path = demoTests.m; sourceTree = "<group>"; };
		CF3E58A81DF6591100A1DA17 /* Info.plist */ = {isa = PBXFileReference; lastKnownFileType = text.plist.xml; path = Info.plist; sourceTree = "<group>"; };
		CF3E58AD1DF6591100A1DA17 /* demoUITests.xctest */ = {isa = PBXFileReference; explicitFileType = wrapper.cfbundle; includeInIndex = 0; path = demoUITests.xctest; sourceTree = BUILT_PRODUCTS_DIR; };
		CF3E58B11DF6591100A1DA17 /* demoUITests.m */ = {isa = PBXFileReference; lastKnownFileType = sourcecode.c.objc; path = demoUITests.m; sourceTree = "<group>"; };
		CF3E58B31DF6591100A1DA17 /* Info.plist */ = {isa = PBXFileReference; lastKnownFileType = text.plist.xml; path = Info.plist; sourceTree = "<group>"; };
		CF3E58C11DF65A7400A1DA17 /* CooTekVoipSDK.h */ = {isa = PBXFileReference; fileEncoding = 4; lastKnownFileType = sourcecode.c.h; path = CooTekVoipSDK.h; sourceTree = "<group>"; };
		CF3E58C21DF65A7400A1DA17 /* CooTekVoipSDK.m */ = {isa = PBXFileReference; fileEncoding = 4; lastKnownFileType = sourcecode.c.objc; path = CooTekVoipSDK.m; sourceTree = "<group>"; };
		CF5D66791DFA553D00EAA027 /* AVFoundation.framework */ = {isa = PBXFileReference; lastKnownFileType = wrapper.framework; name = AVFoundation.framework; path = System/Library/Frameworks/AVFoundation.framework; sourceTree = SDKROOT; };
		CF5D667B1DFA558C00EAA027 /* CoreTelephony.framework */ = {isa = PBXFileReference; lastKnownFileType = wrapper.framework; name = CoreTelephony.framework; path = System/Library/Frameworks/CoreTelephony.framework; sourceTree = SDKROOT; };
		CF5D66A61DFA5DCF00EAA027 /* AudioToolbox.framework */ = {isa = PBXFileReference; lastKnownFileType = wrapper.framework; name = AudioToolbox.framework; path = System/Library/Frameworks/AudioToolbox.framework; sourceTree = SDKROOT; };
		CF5D66A81DFA609500EAA027 /* libstdc++.tbd */ = {isa = PBXFileReference; lastKnownFileType = "sourcecode.text-based-dylib-definition"; name = "libstdc++.tbd"; path = "usr/lib/libstdc++.tbd"; sourceTree = SDKROOT; };
		CF5D66AA1DFA609C00EAA027 /* libstdc++.6.0.9.tbd */ = {isa = PBXFileReference; lastKnownFileType = "sourcecode.text-based-dylib-definition"; name = "libstdc++.6.0.9.tbd"; path = "usr/lib/libstdc++.6.0.9.tbd"; sourceTree = SDKROOT; };
		CF5D66AC1DFA60EE00EAA027 /* libz.1.2.5.tbd */ = {isa = PBXFileReference; lastKnownFileType = "sourcecode.text-based-dylib-definition"; name = libz.1.2.5.tbd; path = usr/lib/libz.1.2.5.tbd; sourceTree = SDKROOT; };
		CF5D66AE1DFA60FA00EAA027 /* libsqlite3.0.tbd */ = {isa = PBXFileReference; lastKnownFileType = "sourcecode.text-based-dylib-definition"; name = libsqlite3.0.tbd; path = usr/lib/libsqlite3.0.tbd; sourceTree = SDKROOT; };
		CF5D66B01DFA610D00EAA027 /* libiconv.2.4.0.tbd */ = {isa = PBXFileReference; lastKnownFileType = "sourcecode.text-based-dylib-definition"; name = libiconv.2.4.0.tbd; path = usr/lib/libiconv.2.4.0.tbd; sourceTree = SDKROOT; };
		CF5D66B21DFA611800EAA027 /* libobjc.A.tbd */ = {isa = PBXFileReference; lastKnownFileType = "sourcecode.text-based-dylib-definition"; name = libobjc.A.tbd; path = usr/lib/libobjc.A.tbd; sourceTree = SDKROOT; };
		CF5D66B41DFA612000EAA027 /* libxml2.2.tbd */ = {isa = PBXFileReference; lastKnownFileType = "sourcecode.text-based-dylib-definition"; name = libxml2.2.tbd; path = usr/lib/libxml2.2.tbd; sourceTree = SDKROOT; };
		CF5D66B61DFA612800EAA027 /* libsqlite3.tbd */ = {isa = PBXFileReference; lastKnownFileType = "sourcecode.text-based-dylib-definition"; name = libsqlite3.tbd; path = usr/lib/libsqlite3.tbd; sourceTree = SDKROOT; };
		CF5D66C91DFE4A3D00EAA027 /* HttpRequest.h */ = {isa = PBXFileReference; fileEncoding = 4; lastKnownFileType = sourcecode.c.h; path = HttpRequest.h; sourceTree = "<group>"; };
		CF5D66CA1DFE4A3D00EAA027 /* HttpRequest.m */ = {isa = PBXFileReference; fileEncoding = 4; lastKnownFileType = sourcecode.c.objc; path = HttpRequest.m; sourceTree = "<group>"; };
		CF5D66CC1DFE6E8800EAA027 /* BaseParams.h */ = {isa = PBXFileReference; fileEncoding = 4; lastKnownFileType = sourcecode.c.h; path = BaseParams.h; sourceTree = "<group>"; };
		CF5D66CD1DFE6E8800EAA027 /* BaseParams.m */ = {isa = PBXFileReference; fileEncoding = 4; lastKnownFileType = sourcecode.c.objc; path = BaseParams.m; sourceTree = "<group>"; };
		CF5D66D81DFE83AF00EAA027 /* BaseRespondModel.h */ = {isa = PBXFileReference; fileEncoding = 4; lastKnownFileType = sourcecode.c.h; path = BaseRespondModel.h; sourceTree = "<group>"; };
		CF5D66D91DFE83AF00EAA027 /* BaseRespondModel.m */ = {isa = PBXFileReference; fileEncoding = 4; lastKnownFileType = sourcecode.c.objc; path = BaseRespondModel.m; sourceTree = "<group>"; };
		CF5D66DB1DFE842C00EAA027 /* LoginResondModel.h */ = {isa = PBXFileReference; fileEncoding = 4; lastKnownFileType = sourcecode.c.h; path = LoginResondModel.h; sourceTree = "<group>"; };
		CF5D66DC1DFE842C00EAA027 /* LoginResondModel.m */ = {isa = PBXFileReference; fileEncoding = 4; lastKnownFileType = sourcecode.c.objc; path = LoginResondModel.m; sourceTree = "<group>"; };
		CF5D66E01DFE858B00EAA027 /* ILoginProtrol.h */ = {isa = PBXFileReference; fileEncoding = 4; lastKnownFileType = sourcecode.c.h; path = ILoginProtrol.h; sourceTree = "<group>"; };
		CF5D66E11DFE89D000EAA027 /* LoginRequestModel.h */ = {isa = PBXFileReference; fileEncoding = 4; lastKnownFileType = sourcecode.c.h; path = LoginRequestModel.h; sourceTree = "<group>"; };
		CF5D66E21DFE89D000EAA027 /* LoginRequestModel.m */ = {isa = PBXFileReference; fileEncoding = 4; lastKnownFileType = sourcecode.c.objc; path = LoginRequestModel.m; sourceTree = "<group>"; };
		CF5D66E41DFEA8A500EAA027 /* AccountManager.h */ = {isa = PBXFileReference; fileEncoding = 4; lastKnownFileType = sourcecode.c.h; path = AccountManager.h; sourceTree = "<group>"; };
		CF5D66E51DFEA8A500EAA027 /* AccountManager.m */ = {isa = PBXFileReference; fileEncoding = 4; lastKnownFileType = sourcecode.c.objc; path = AccountManager.m; sourceTree = "<group>"; };
		CF5D66E71DFEA8EA00EAA027 /* UserInfoModel.h */ = {isa = PBXFileReference; fileEncoding = 4; lastKnownFileType = sourcecode.c.h; path = UserInfoModel.h; sourceTree = "<group>"; };
		CF5D66E81DFEA8EA00EAA027 /* UserInfoModel.m */ = {isa = PBXFileReference; fileEncoding = 4; lastKnownFileType = sourcecode.c.objc; path = UserInfoModel.m; sourceTree = "<group>"; };
		CF5D66ED1DFEAAAD00EAA027 /* MainPresenter.h */ = {isa = PBXFileReference; fileEncoding = 4; lastKnownFileType = sourcecode.c.h; path = MainPresenter.h; sourceTree = "<group>"; };
		CF5D66EE1DFEAAAD00EAA027 /* MainPresenter.m */ = {isa = PBXFileReference; fileEncoding = 4; lastKnownFileType = sourcecode.c.objc; path = MainPresenter.m; sourceTree = "<group>"; };
		CF5D66F01DFEAABE00EAA027 /* IMainProtrol.h */ = {isa = PBXFileReference; fileEncoding = 4; lastKnownFileType = sourcecode.c.h; path = IMainProtrol.h; sourceTree = "<group>"; };
		CF5D66F31DFEB39000EAA027 /* DeviceInfoModel.h */ = {isa = PBXFileReference; fileEncoding = 4; lastKnownFileType = sourcecode.c.h; path = DeviceInfoModel.h; sourceTree = "<group>"; };
		CF5D66F41DFEB39000EAA027 /* DeviceInfoModel.m */ = {isa = PBXFileReference; fileEncoding = 4; lastKnownFileType = sourcecode.c.objc; path = DeviceInfoModel.m; sourceTree = "<group>"; };
		CF5D66F61DFEB94C00EAA027 /* SystemUtil.h */ = {isa = PBXFileReference; fileEncoding = 4; lastKnownFileType = sourcecode.c.h; path = SystemUtil.h; sourceTree = "<group>"; };
		CF5D66F71DFEB94C00EAA027 /* SystemUtil.m */ = {isa = PBXFileReference; fileEncoding = 4; lastKnownFileType = sourcecode.c.objc; path = SystemUtil.m; sourceTree = "<group>"; };
		CF6EEBC11DF6A4A50064BA21 /* PrefixHeader.pch */ = {isa = PBXFileReference; fileEncoding = 4; lastKnownFileType = sourcecode.c.h; path = PrefixHeader.pch; sourceTree = "<group>"; };
		CF8338981DF9557F003BF485 /* PJSIP */ = {isa = PBXFileReference; lastKnownFileType = folder; name = PJSIP; path = /Users/by.huang/Desktop/demo/demo/PJSIP; sourceTree = "<absolute>"; };
		CF90B1751DF6B54C0000254B /* LoginPage.h */ = {isa = PBXFileReference; fileEncoding = 4; lastKnownFileType = sourcecode.c.h; path = LoginPage.h; sourceTree = "<group>"; };
		CF90B1761DF6B54C0000254B /* LoginPage.m */ = {isa = PBXFileReference; fileEncoding = 4; lastKnownFileType = sourcecode.c.objc; path = LoginPage.m; sourceTree = "<group>"; };
		CF90B1781DF6B5B10000254B /* MainPage.h */ = {isa = PBXFileReference; fileEncoding = 4; lastKnownFileType = sourcecode.c.h; path = MainPage.h; sourceTree = "<group>"; };
		CF90B1791DF6B5B10000254B /* MainPage.m */ = {isa = PBXFileReference; fileEncoding = 4; lastKnownFileType = sourcecode.c.objc; path = MainPage.m; sourceTree = "<group>"; };
		CF90B17B1DF6C4810000254B /* Assets.xcassets */ = {isa = PBXFileReference; lastKnownFileType = folder.assetcatalog; path = Assets.xcassets; sourceTree = "<group>"; };
		CF90B1811DF7A9B00000254B /* ByUtils.h */ = {isa = PBXFileReference; fileEncoding = 4; lastKnownFileType = sourcecode.c.h; path = ByUtils.h; sourceTree = "<group>"; };
		CF90B1821DF7A9B00000254B /* ByUtils.m */ = {isa = PBXFileReference; fileEncoding = 4; lastKnownFileType = sourcecode.c.objc; path = ByUtils.m; sourceTree = "<group>"; };
		CF90B1841DF7B25E0000254B /* Constant.h */ = {isa = PBXFileReference; fileEncoding = 4; lastKnownFileType = sourcecode.c.h; path = Constant.h; sourceTree = "<group>"; };
		CFADB5421DF7E71F00C18472 /* UILabel+ContentSize.h */ = {isa = PBXFileReference; fileEncoding = 4; lastKnownFileType = sourcecode.c.h; path = "UILabel+ContentSize.h"; sourceTree = "<group>"; };
		CFADB5431DF7E71F00C18472 /* UILabel+ContentSize.m */ = {isa = PBXFileReference; fileEncoding = 4; lastKnownFileType = sourcecode.c.objc; path = "UILabel+ContentSize.m"; sourceTree = "<group>"; };
		CFADB5441DF7E71F00C18472 /* UIView+Frame.h */ = {isa = PBXFileReference; fileEncoding = 4; lastKnownFileType = sourcecode.c.h; path = "UIView+Frame.h"; sourceTree = "<group>"; };
		CFADB5451DF7E71F00C18472 /* UIView+Frame.m */ = {isa = PBXFileReference; fileEncoding = 4; lastKnownFileType = sourcecode.c.objc; path = "UIView+Frame.m"; sourceTree = "<group>"; };
		CFADB5491DF7EA1800C18472 /* PalTextField.h */ = {isa = PBXFileReference; fileEncoding = 4; lastKnownFileType = sourcecode.c.h; path = PalTextField.h; sourceTree = "<group>"; };
		CFADB54A1DF7EA1800C18472 /* PalTextField.m */ = {isa = PBXFileReference; fileEncoding = 4; lastKnownFileType = sourcecode.c.objc; path = PalTextField.m; sourceTree = "<group>"; };
		CFADB5501DF8159900C18472 /* ByToast.h */ = {isa = PBXFileReference; fileEncoding = 4; lastKnownFileType = sourcecode.c.h; path = ByToast.h; sourceTree = "<group>"; };
		CFADB5511DF8159900C18472 /* ByToast.m */ = {isa = PBXFileReference; fileEncoding = 4; lastKnownFileType = sourcecode.c.objc; path = ByToast.m; sourceTree = "<group>"; };
		CFADB5531DF9011800C18472 /* LoginPresenter.h */ = {isa = PBXFileReference; fileEncoding = 4; lastKnownFileType = sourcecode.c.h; path = LoginPresenter.h; sourceTree = "<group>"; };
		CFADB5541DF9011800C18472 /* LoginPresenter.m */ = {isa = PBXFileReference; fileEncoding = 4; lastKnownFileType = sourcecode.c.objc; path = LoginPresenter.m; sourceTree = "<group>"; };
		CFADB5561DF9022000C18472 /* Singleton.h */ = {isa = PBXFileReference; fileEncoding = 4; lastKnownFileType = sourcecode.c.h; path = Singleton.h; sourceTree = "<group>"; };
		D3207418B30183F1B6BA60E2 /* Pods-demo.debug.xcconfig */ = {isa = PBXFileReference; includeInIndex = 1; lastKnownFileType = text.xcconfig; name = "Pods-demo.debug.xcconfig"; path = "Pods/Target Support Files/Pods-demo/Pods-demo.debug.xcconfig"; sourceTree = "<group>"; };
		DD954DF0B51ACB37686BA910 /* libPods-demo.a */ = {isa = PBXFileReference; explicitFileType = archive.ar; includeInIndex = 0; path = "libPods-demo.a"; sourceTree = BUILT_PRODUCTS_DIR; };
/* End PBXFileReference section */

/* Begin PBXFrameworksBuildPhase section */
		CF3E58861DF6591100A1DA17 /* Frameworks */ = {
			isa = PBXFrameworksBuildPhase;
			buildActionMask = 2147483647;
			files = (
				CF5D66B71DFA612800EAA027 /* libsqlite3.tbd in Frameworks */,
				CF5D66B51DFA612000EAA027 /* libxml2.2.tbd in Frameworks */,
				CF5D66B31DFA611800EAA027 /* libobjc.A.tbd in Frameworks */,
				CF5D66B11DFA610D00EAA027 /* libiconv.2.4.0.tbd in Frameworks */,
				CF5D66AF1DFA60FA00EAA027 /* libsqlite3.0.tbd in Frameworks */,
				CF5D66AD1DFA60EE00EAA027 /* libz.1.2.5.tbd in Frameworks */,
				CF5D66AB1DFA609C00EAA027 /* libstdc++.6.0.9.tbd in Frameworks */,
				CF5D66A91DFA609500EAA027 /* libstdc++.tbd in Frameworks */,
				CF5D66A71DFA5DCF00EAA027 /* AudioToolbox.framework in Frameworks */,
				CF5D667C1DFA558C00EAA027 /* CoreTelephony.framework in Frameworks */,
				CF5D667A1DFA553D00EAA027 /* AVFoundation.framework in Frameworks */,
				59342B2C5CE898427024205F /* libPods-demo.a in Frameworks */,
			);
			runOnlyForDeploymentPostprocessing = 0;
		};
		CF3E589F1DF6591100A1DA17 /* Frameworks */ = {
			isa = PBXFrameworksBuildPhase;
			buildActionMask = 2147483647;
			files = (
			);
			runOnlyForDeploymentPostprocessing = 0;
		};
		CF3E58AA1DF6591100A1DA17 /* Frameworks */ = {
			isa = PBXFrameworksBuildPhase;
			buildActionMask = 2147483647;
			files = (
			);
			runOnlyForDeploymentPostprocessing = 0;
		};
/* End PBXFrameworksBuildPhase section */

/* Begin PBXGroup section */
		6D73C6B4734807B6F2CDA8C7 /* Pods */ = {
			isa = PBXGroup;
			children = (
				D3207418B30183F1B6BA60E2 /* Pods-demo.debug.xcconfig */,
				9B8AC4CB024E39CBD11D9C99 /* Pods-demo.release.xcconfig */,
			);
			name = Pods;
			sourceTree = "<group>";
		};
		71F0370C82091425214D6927 /* Frameworks */ = {
			isa = PBXGroup;
			children = (
				CF5D66B61DFA612800EAA027 /* libsqlite3.tbd */,
				CF5D66B41DFA612000EAA027 /* libxml2.2.tbd */,
				CF5D66B21DFA611800EAA027 /* libobjc.A.tbd */,
				CF5D66B01DFA610D00EAA027 /* libiconv.2.4.0.tbd */,
				CF5D66AE1DFA60FA00EAA027 /* libsqlite3.0.tbd */,
				CF5D66AC1DFA60EE00EAA027 /* libz.1.2.5.tbd */,
				CF5D66AA1DFA609C00EAA027 /* libstdc++.6.0.9.tbd */,
				CF5D66A81DFA609500EAA027 /* libstdc++.tbd */,
				CF5D66A61DFA5DCF00EAA027 /* AudioToolbox.framework */,
				CF5D667B1DFA558C00EAA027 /* CoreTelephony.framework */,
				CF5D66791DFA553D00EAA027 /* AVFoundation.framework */,
				DD954DF0B51ACB37686BA910 /* libPods-demo.a */,
			);
			name = Frameworks;
			sourceTree = "<group>";
		};
		CF3E58801DF6591100A1DA17 = {
			isa = PBXGroup;
			children = (
				CF3E588B1DF6591100A1DA17 /* demo */,
				CF3E58A51DF6591100A1DA17 /* demoTests */,
				CF3E58B01DF6591100A1DA17 /* demoUITests */,
				CF3E588A1DF6591100A1DA17 /* Products */,
				6D73C6B4734807B6F2CDA8C7 /* Pods */,
				71F0370C82091425214D6927 /* Frameworks */,
			);
			sourceTree = "<group>";
		};
		CF3E588A1DF6591100A1DA17 /* Products */ = {
			isa = PBXGroup;
			children = (
				CF3E58891DF6591100A1DA17 /* demo.app */,
				CF3E58A21DF6591100A1DA17 /* demoTests.xctest */,
				CF3E58AD1DF6591100A1DA17 /* demoUITests.xctest */,
			);
			name = Products;
			sourceTree = "<group>";
		};
		CF3E588B1DF6591100A1DA17 /* demo */ = {
			isa = PBXGroup;
			children = (
				CF5D66D01DFE750100EAA027 /* main */,
				CF5D66CF1DFE74EC00EAA027 /* login */,
				CF5D636C1DF962F400EAA027 /* framework */,
				CF5D61521DF957C900EAA027 /* sdk */,
				CFADB54C1DF804D900C18472 /* net */,
				CFADB5411DF7E70D00C18472 /* widget */,
				CF4D4A981DF68E7800B64017 /* model */,
				CF4D4A971DF68E6800B64017 /* utils */,
				CF3E588F1DF6591100A1DA17 /* AppDelegate.h */,
				CF3E58901DF6591100A1DA17 /* AppDelegate.m */,
				CF3E588C1DF6591100A1DA17 /* Supporting Files */,
			);
			path = demo;
			sourceTree = "<group>";
		};
		CF3E588C1DF6591100A1DA17 /* Supporting Files */ = {
			isa = PBXGroup;
			children = (
				CF90B17B1DF6C4810000254B /* Assets.xcassets */,
				CF6EEBC11DF6A4A50064BA21 /* PrefixHeader.pch */,
				CF3E589A1DF6591100A1DA17 /* LaunchScreen.storyboard */,
				CF3E589D1DF6591100A1DA17 /* Info.plist */,
				CF3E588D1DF6591100A1DA17 /* main.m */,
			);
			name = "Supporting Files";
			sourceTree = "<group>";
		};
		CF3E58A51DF6591100A1DA17 /* demoTests */ = {
			isa = PBXGroup;
			children = (
				CF3E58A61DF6591100A1DA17 /* demoTests.m */,
				CF3E58A81DF6591100A1DA17 /* Info.plist */,
			);
			path = demoTests;
			sourceTree = "<group>";
		};
		CF3E58B01DF6591100A1DA17 /* demoUITests */ = {
			isa = PBXGroup;
			children = (
				CF3E58B11DF6591100A1DA17 /* demoUITests.m */,
				CF3E58B31DF6591100A1DA17 /* Info.plist */,
			);
			path = demoUITests;
			sourceTree = "<group>";
		};
		CF4D4A971DF68E6800B64017 /* utils */ = {
			isa = PBXGroup;
			children = (
				CFADB5561DF9022000C18472 /* Singleton.h */,
				CFADB5501DF8159900C18472 /* ByToast.h */,
				CFADB5511DF8159900C18472 /* ByToast.m */,
				CF90B1811DF7A9B00000254B /* ByUtils.h */,
				CF90B1821DF7A9B00000254B /* ByUtils.m */,
				CF90B1841DF7B25E0000254B /* Constant.h */,
				CF5D66F61DFEB94C00EAA027 /* SystemUtil.h */,
				CF5D66F71DFEB94C00EAA027 /* SystemUtil.m */,
			);
			name = utils;
			sourceTree = "<group>";
		};
		CF4D4A981DF68E7800B64017 /* model */ = {
			isa = PBXGroup;
			children = (
				CF5D66F31DFEB39000EAA027 /* DeviceInfoModel.h */,
				CF5D66F41DFEB39000EAA027 /* DeviceInfoModel.m */,
				CF5D66D81DFE83AF00EAA027 /* BaseRespondModel.h */,
				CF5D66D91DFE83AF00EAA027 /* BaseRespondModel.m */,
			);
			name = model;
			sourceTree = "<group>";
		};
		CF5D61521DF957C900EAA027 /* sdk */ = {
			isa = PBXGroup;
			children = (
				CF3E58C11DF65A7400A1DA17 /* CooTekVoipSDK.h */,
				CF3E58C21DF65A7400A1DA17 /* CooTekVoipSDK.m */,
			);
			name = sdk;
			sourceTree = "<group>";
		};
		CF5D636C1DF962F400EAA027 /* framework */ = {
			isa = PBXGroup;
			children = (
			);
			name = framework;
			sourceTree = "<group>";
		};
		CF5D66CF1DFE74EC00EAA027 /* login */ = {
			isa = PBXGroup;
			children = (
				CF5D66D41DFE767100EAA027 /* presenter */,
				CF5D66D21DFE752F00EAA027 /* model */,
				CF5D66D11DFE751F00EAA027 /* view */,
				CF5D66E41DFEA8A500EAA027 /* AccountManager.h */,
				CF5D66E51DFEA8A500EAA027 /* AccountManager.m */,
			);
			name = login;
			sourceTree = "<group>";
		};
		CF5D66D01DFE750100EAA027 /* main */ = {
			isa = PBXGroup;
			children = (
				CF5D66EC1DFEAA9200EAA027 /* presenter */,
				CF5D66EB1DFEAA8E00EAA027 /* model */,
				CF5D66EA1DFEAA8500EAA027 /* view */,
			);
			name = main;
			sourceTree = "<group>";
		};
		CF5D66D11DFE751F00EAA027 /* view */ = {
			isa = PBXGroup;
			children = (
				CF90B1751DF6B54C0000254B /* LoginPage.h */,
				CF90B1761DF6B54C0000254B /* LoginPage.m */,
			);
			name = view;
			sourceTree = "<group>";
		};
		CF5D66D21DFE752F00EAA027 /* model */ = {
			isa = PBXGroup;
			children = (
				CF5D66DB1DFE842C00EAA027 /* LoginResondModel.h */,
				CF5D66DC1DFE842C00EAA027 /* LoginResondModel.m */,
				CF5D66E11DFE89D000EAA027 /* LoginRequestModel.h */,
				CF5D66E21DFE89D000EAA027 /* LoginRequestModel.m */,
				CF5D66E71DFEA8EA00EAA027 /* UserInfoModel.h */,
				CF5D66E81DFEA8EA00EAA027 /* UserInfoModel.m */,
			);
			name = model;
			sourceTree = "<group>";
		};
		CF5D66D41DFE767100EAA027 /* presenter */ = {
			isa = PBXGroup;
			children = (
				CF5D66E01DFE858B00EAA027 /* ILoginProtrol.h */,
				CFADB5531DF9011800C18472 /* LoginPresenter.h */,
				CFADB5541DF9011800C18472 /* LoginPresenter.m */,
			);
			name = presenter;
			sourceTree = "<group>";
		};
		CF5D66EA1DFEAA8500EAA027 /* view */ = {
			isa = PBXGroup;
			children = (
				CF90B1781DF6B5B10000254B /* MainPage.h */,
				CF90B1791DF6B5B10000254B /* MainPage.m */,
				CF5D66F01DFEAABE00EAA027 /* IMainProtrol.h */,
			);
			name = view;
			sourceTree = "<group>";
		};
		CF5D66EB1DFEAA8E00EAA027 /* model */ = {
			isa = PBXGroup;
			children = (
			);
			name = model;
			sourceTree = "<group>";
		};
		CF5D66EC1DFEAA9200EAA027 /* presenter */ = {
			isa = PBXGroup;
			children = (
				CF5D66ED1DFEAAAD00EAA027 /* MainPresenter.h */,
				CF5D66EE1DFEAAAD00EAA027 /* MainPresenter.m */,
			);
			name = presenter;
			sourceTree = "<group>";
		};
		CFADB5411DF7E70D00C18472 /* widget */ = {
			isa = PBXGroup;
			children = (
				CFADB5481DF7E9DD00C18472 /* extention */,
				CFADB5491DF7EA1800C18472 /* PalTextField.h */,
				CFADB54A1DF7EA1800C18472 /* PalTextField.m */,
			);
			name = widget;
			sourceTree = "<group>";
		};
		CFADB5481DF7E9DD00C18472 /* extention */ = {
			isa = PBXGroup;
			children = (
				CFADB5421DF7E71F00C18472 /* UILabel+ContentSize.h */,
				CFADB5431DF7E71F00C18472 /* UILabel+ContentSize.m */,
				CFADB5441DF7E71F00C18472 /* UIView+Frame.h */,
				CFADB5451DF7E71F00C18472 /* UIView+Frame.m */,
			);
			name = extention;
			sourceTree = "<group>";
		};
		CFADB54C1DF804D900C18472 /* net */ = {
			isa = PBXGroup;
			children = (
				CF5D66C91DFE4A3D00EAA027 /* HttpRequest.h */,
				CF5D66CA1DFE4A3D00EAA027 /* HttpRequest.m */,
				CF5D66CC1DFE6E8800EAA027 /* BaseParams.h */,
				CF5D66CD1DFE6E8800EAA027 /* BaseParams.m */,
			);
			name = net;
			sourceTree = "<group>";
		};
/* End PBXGroup section */

/* Begin PBXNativeTarget section */
		CF3E58881DF6591100A1DA17 /* demo */ = {
			isa = PBXNativeTarget;
			buildConfigurationList = CF3E58B61DF6591100A1DA17 /* Build configuration list for PBXNativeTarget "demo" */;
			buildPhases = (
				BDA4FB21AE61D4AF23D01325 /* [CP] Check Pods Manifest.lock */,
				CF3E58851DF6591100A1DA17 /* Sources */,
				CF3E58861DF6591100A1DA17 /* Frameworks */,
				CF3E58871DF6591100A1DA17 /* Resources */,
				BF1899266C65EA7664B14EF2 /* [CP] Embed Pods Frameworks */,
				F3ED7F82DB4701C4FD366A04 /* [CP] Copy Pods Resources */,
			);
			buildRules = (
			);
			dependencies = (
			);
			name = demo;
			productName = demo;
			productReference = CF3E58891DF6591100A1DA17 /* demo.app */;
			productType = "com.apple.product-type.application";
		};
		CF3E58A11DF6591100A1DA17 /* demoTests */ = {
			isa = PBXNativeTarget;
			buildConfigurationList = CF3E58B91DF6591100A1DA17 /* Build configuration list for PBXNativeTarget "demoTests" */;
			buildPhases = (
				CF3E589E1DF6591100A1DA17 /* Sources */,
				CF3E589F1DF6591100A1DA17 /* Frameworks */,
				CF3E58A01DF6591100A1DA17 /* Resources */,
			);
			buildRules = (
			);
			dependencies = (
				CF3E58A41DF6591100A1DA17 /* PBXTargetDependency */,
			);
			name = demoTests;
			productName = demoTests;
			productReference = CF3E58A21DF6591100A1DA17 /* demoTests.xctest */;
			productType = "com.apple.product-type.bundle.unit-test";
		};
		CF3E58AC1DF6591100A1DA17 /* demoUITests */ = {
			isa = PBXNativeTarget;
			buildConfigurationList = CF3E58BC1DF6591100A1DA17 /* Build configuration list for PBXNativeTarget "demoUITests" */;
			buildPhases = (
				CF3E58A91DF6591100A1DA17 /* Sources */,
				CF3E58AA1DF6591100A1DA17 /* Frameworks */,
				CF3E58AB1DF6591100A1DA17 /* Resources */,
			);
			buildRules = (
			);
			dependencies = (
				CF3E58AF1DF6591100A1DA17 /* PBXTargetDependency */,
			);
			name = demoUITests;
			productName = demoUITests;
			productReference = CF3E58AD1DF6591100A1DA17 /* demoUITests.xctest */;
			productType = "com.apple.product-type.bundle.ui-testing";
		};
/* End PBXNativeTarget section */

/* Begin PBXProject section */
		CF3E58811DF6591100A1DA17 /* Project object */ = {
			isa = PBXProject;
			attributes = {
				LastUpgradeCheck = 0810;
				ORGANIZATIONNAME = by.huang;
				TargetAttributes = {
					CF3E58881DF6591100A1DA17 = {
						CreatedOnToolsVersion = 8.1;
						DevelopmentTeam = AB86U4DT8H;
						ProvisioningStyle = Automatic;
					};
					CF3E58A11DF6591100A1DA17 = {
						CreatedOnToolsVersion = 8.1;
						ProvisioningStyle = Automatic;
						TestTargetID = CF3E58881DF6591100A1DA17;
					};
					CF3E58AC1DF6591100A1DA17 = {
						CreatedOnToolsVersion = 8.1;
						ProvisioningStyle = Automatic;
						TestTargetID = CF3E58881DF6591100A1DA17;
					};
				};
			};
			buildConfigurationList = CF3E58841DF6591100A1DA17 /* Build configuration list for PBXProject "demo" */;
			compatibilityVersion = "Xcode 3.2";
			developmentRegion = English;
			hasScannedForEncodings = 0;
			knownRegions = (
				en,
				Base,
			);
			mainGroup = CF3E58801DF6591100A1DA17;
			productRefGroup = CF3E588A1DF6591100A1DA17 /* Products */;
			projectDirPath = "";
			projectRoot = "";
			targets = (
				CF3E58881DF6591100A1DA17 /* demo */,
				CF3E58A11DF6591100A1DA17 /* demoTests */,
				CF3E58AC1DF6591100A1DA17 /* demoUITests */,
			);
		};
/* End PBXProject section */

/* Begin PBXResourcesBuildPhase section */
		CF3E58871DF6591100A1DA17 /* Resources */ = {
			isa = PBXResourcesBuildPhase;
			buildActionMask = 2147483647;
			files = (
				CF8338991DF9557F003BF485 /* PJSIP in Resources */,
				CF90B17D1DF6C58A0000254B /* Assets.xcassets in Resources */,
				CF3E589C1DF6591100A1DA17 /* LaunchScreen.storyboard in Resources */,
			);
			runOnlyForDeploymentPostprocessing = 0;
		};
		CF3E58A01DF6591100A1DA17 /* Resources */ = {
			isa = PBXResourcesBuildPhase;
			buildActionMask = 2147483647;
			files = (
			);
			runOnlyForDeploymentPostprocessing = 0;
		};
		CF3E58AB1DF6591100A1DA17 /* Resources */ = {
			isa = PBXResourcesBuildPhase;
			buildActionMask = 2147483647;
			files = (
			);
			runOnlyForDeploymentPostprocessing = 0;
		};
/* End PBXResourcesBuildPhase section */

/* Begin PBXShellScriptBuildPhase section */
		BDA4FB21AE61D4AF23D01325 /* [CP] Check Pods Manifest.lock */ = {
			isa = PBXShellScriptBuildPhase;
			buildActionMask = 2147483647;
			files = (
			);
			inputPaths = (
			);
			name = "[CP] Check Pods Manifest.lock";
			outputPaths = (
			);
			runOnlyForDeploymentPostprocessing = 0;
			shellPath = /bin/sh;
			shellScript = "diff \"${PODS_ROOT}/../Podfile.lock\" \"${PODS_ROOT}/Manifest.lock\" > /dev/null\nif [ $? != 0 ] ; then\n    # print error to STDERR\n    echo \"error: The sandbox is not in sync with the Podfile.lock. Run 'pod install' or update your CocoaPods installation.\" >&2\n    exit 1\nfi\n";
			showEnvVarsInLog = 0;
		};
		BF1899266C65EA7664B14EF2 /* [CP] Embed Pods Frameworks */ = {
			isa = PBXShellScriptBuildPhase;
			buildActionMask = 2147483647;
			files = (
			);
			inputPaths = (
			);
			name = "[CP] Embed Pods Frameworks";
			outputPaths = (
			);
			runOnlyForDeploymentPostprocessing = 0;
			shellPath = /bin/sh;
			shellScript = "\"${SRCROOT}/Pods/Target Support Files/Pods-demo/Pods-demo-frameworks.sh\"\n";
			showEnvVarsInLog = 0;
		};
		F3ED7F82DB4701C4FD366A04 /* [CP] Copy Pods Resources */ = {
			isa = PBXShellScriptBuildPhase;
			buildActionMask = 2147483647;
			files = (
			);
			inputPaths = (
			);
			name = "[CP] Copy Pods Resources";
			outputPaths = (
			);
			runOnlyForDeploymentPostprocessing = 0;
			shellPath = /bin/sh;
			shellScript = "\"${SRCROOT}/Pods/Target Support Files/Pods-demo/Pods-demo-resources.sh\"\n";
			showEnvVarsInLog = 0;
		};
/* End PBXShellScriptBuildPhase section */

/* Begin PBXSourcesBuildPhase section */
		CF3E58851DF6591100A1DA17 /* Sources */ = {
			isa = PBXSourcesBuildPhase;
			buildActionMask = 2147483647;
			files = (
				CF5D66DA1DFE83AF00EAA027 /* BaseRespondModel.m in Sources */,
				CFADB5521DF8159900C18472 /* ByToast.m in Sources */,
				CF5D66EF1DFEAAAD00EAA027 /* MainPresenter.m in Sources */,
				CF5D66DD1DFE842C00EAA027 /* LoginResondModel.m in Sources */,
				CF5D66F81DFEB94C00EAA027 /* SystemUtil.m in Sources */,
				CFADB5471DF7E71F00C18472 /* UIView+Frame.m in Sources */,
				CF5D66F51DFEB39000EAA027 /* DeviceInfoModel.m in Sources */,
				CF90B17A1DF6B5B10000254B /* MainPage.m in Sources */,
				CF3E58911DF6591100A1DA17 /* AppDelegate.m in Sources */,
				CF5D66CE1DFE6E8800EAA027 /* BaseParams.m in Sources */,
				CFADB5461DF7E71F00C18472 /* UILabel+ContentSize.m in Sources */,
				CF5D66E61DFEA8A500EAA027 /* AccountManager.m in Sources */,
				CF3E588E1DF6591100A1DA17 /* main.m in Sources */,
				CF5D66E91DFEA8EA00EAA027 /* UserInfoModel.m in Sources */,
				CF90B1831DF7A9B00000254B /* ByUtils.m in Sources */,
				CF3E58C31DF65A7400A1DA17 /* CooTekVoipSDK.m in Sources */,
				CF5D66E31DFE89D000EAA027 /* LoginRequestModel.m in Sources */,
				CF90B1771DF6B54C0000254B /* LoginPage.m in Sources */,
				CFADB5551DF9011800C18472 /* LoginPresenter.m in Sources */,
				CF5D66CB1DFE4A3D00EAA027 /* HttpRequest.m in Sources */,
				CFADB54B1DF7EA1800C18472 /* PalTextField.m in Sources */,
			);
			runOnlyForDeploymentPostprocessing = 0;
		};
		CF3E589E1DF6591100A1DA17 /* Sources */ = {
			isa = PBXSourcesBuildPhase;
			buildActionMask = 2147483647;
			files = (
				CF3E58A71DF6591100A1DA17 /* demoTests.m in Sources */,
			);
			runOnlyForDeploymentPostprocessing = 0;
		};
		CF3E58A91DF6591100A1DA17 /* Sources */ = {
			isa = PBXSourcesBuildPhase;
			buildActionMask = 2147483647;
			files = (
				CF3E58B21DF6591100A1DA17 /* demoUITests.m in Sources */,
			);
			runOnlyForDeploymentPostprocessing = 0;
		};
/* End PBXSourcesBuildPhase section */

/* Begin PBXTargetDependency section */
		CF3E58A41DF6591100A1DA17 /* PBXTargetDependency */ = {
			isa = PBXTargetDependency;
			target = CF3E58881DF6591100A1DA17 /* demo */;
			targetProxy = CF3E58A31DF6591100A1DA17 /* PBXContainerItemProxy */;
		};
		CF3E58AF1DF6591100A1DA17 /* PBXTargetDependency */ = {
			isa = PBXTargetDependency;
			target = CF3E58881DF6591100A1DA17 /* demo */;
			targetProxy = CF3E58AE1DF6591100A1DA17 /* PBXContainerItemProxy */;
		};
/* End PBXTargetDependency section */

/* Begin PBXVariantGroup section */
		CF3E589A1DF6591100A1DA17 /* LaunchScreen.storyboard */ = {
			isa = PBXVariantGroup;
			children = (
				CF3E589B1DF6591100A1DA17 /* Base */,
			);
			name = LaunchScreen.storyboard;
			sourceTree = "<group>";
		};
/* End PBXVariantGroup section */

/* Begin XCBuildConfiguration section */
		CF3E58B41DF6591100A1DA17 /* Debug */ = {
			isa = XCBuildConfiguration;
			buildSettings = {
				ALWAYS_SEARCH_USER_PATHS = NO;
				CLANG_ANALYZER_NONNULL = YES;
				CLANG_CXX_LANGUAGE_STANDARD = "gnu++0x";
				CLANG_CXX_LIBRARY = "libc++";
				CLANG_ENABLE_MODULES = YES;
				CLANG_ENABLE_OBJC_ARC = YES;
				CLANG_WARN_BOOL_CONVERSION = YES;
				CLANG_WARN_CONSTANT_CONVERSION = YES;
				CLANG_WARN_DIRECT_OBJC_ISA_USAGE = YES_ERROR;
				CLANG_WARN_DOCUMENTATION_COMMENTS = YES;
				CLANG_WARN_EMPTY_BODY = YES;
				CLANG_WARN_ENUM_CONVERSION = YES;
				CLANG_WARN_INFINITE_RECURSION = YES;
				CLANG_WARN_INT_CONVERSION = YES;
				CLANG_WARN_OBJC_ROOT_CLASS = YES_ERROR;
				CLANG_WARN_SUSPICIOUS_MOVES = YES;
				CLANG_WARN_UNREACHABLE_CODE = YES;
				CLANG_WARN__DUPLICATE_METHOD_MATCH = YES;
				"CODE_SIGN_IDENTITY[sdk=iphoneos*]" = "iPhone Developer";
				COPY_PHASE_STRIP = NO;
				DEBUG_INFORMATION_FORMAT = dwarf;
				ENABLE_STRICT_OBJC_MSGSEND = YES;
				ENABLE_TESTABILITY = YES;
				GCC_C_LANGUAGE_STANDARD = gnu99;
				GCC_DYNAMIC_NO_PIC = NO;
				GCC_INPUT_FILETYPE = sourcecode.cpp.objcpp;
				GCC_NO_COMMON_BLOCKS = YES;
				GCC_OPTIMIZATION_LEVEL = 0;
				GCC_PREPROCESSOR_DEFINITIONS = (
					"DEBUG=1",
					"$(inherited)",
				);
				GCC_WARN_64_TO_32_BIT_CONVERSION = YES;
				GCC_WARN_ABOUT_RETURN_TYPE = YES_ERROR;
				GCC_WARN_UNDECLARED_SELECTOR = YES;
				GCC_WARN_UNINITIALIZED_AUTOS = YES_AGGRESSIVE;
				GCC_WARN_UNUSED_FUNCTION = YES;
				GCC_WARN_UNUSED_VARIABLE = YES;
				IPHONEOS_DEPLOYMENT_TARGET = 10.1;
				MTL_ENABLE_DEBUG_INFO = YES;
				ONLY_ACTIVE_ARCH = YES;
				SDKROOT = iphoneos;
				TARGETED_DEVICE_FAMILY = "1,2";
			};
			name = Debug;
		};
		CF3E58B51DF6591100A1DA17 /* Release */ = {
			isa = XCBuildConfiguration;
			buildSettings = {
				ALWAYS_SEARCH_USER_PATHS = NO;
				CLANG_ANALYZER_NONNULL = YES;
				CLANG_CXX_LANGUAGE_STANDARD = "gnu++0x";
				CLANG_CXX_LIBRARY = "libc++";
				CLANG_ENABLE_MODULES = YES;
				CLANG_ENABLE_OBJC_ARC = YES;
				CLANG_WARN_BOOL_CONVERSION = YES;
				CLANG_WARN_CONSTANT_CONVERSION = YES;
				CLANG_WARN_DIRECT_OBJC_ISA_USAGE = YES_ERROR;
				CLANG_WARN_DOCUMENTATION_COMMENTS = YES;
				CLANG_WARN_EMPTY_BODY = YES;
				CLANG_WARN_ENUM_CONVERSION = YES;
				CLANG_WARN_INFINITE_RECURSION = YES;
				CLANG_WARN_INT_CONVERSION = YES;
				CLANG_WARN_OBJC_ROOT_CLASS = YES_ERROR;
				CLANG_WARN_SUSPICIOUS_MOVES = YES;
				CLANG_WARN_UNREACHABLE_CODE = YES;
				CLANG_WARN__DUPLICATE_METHOD_MATCH = YES;
				"CODE_SIGN_IDENTITY[sdk=iphoneos*]" = "iPhone Developer";
				COPY_PHASE_STRIP = NO;
				DEBUG_INFORMATION_FORMAT = "dwarf-with-dsym";
				ENABLE_NS_ASSERTIONS = NO;
				ENABLE_STRICT_OBJC_MSGSEND = YES;
				GCC_C_LANGUAGE_STANDARD = gnu99;
				GCC_INPUT_FILETYPE = sourcecode.cpp.objcpp;
				GCC_NO_COMMON_BLOCKS = YES;
				GCC_WARN_64_TO_32_BIT_CONVERSION = YES;
				GCC_WARN_ABOUT_RETURN_TYPE = YES_ERROR;
				GCC_WARN_UNDECLARED_SELECTOR = YES;
				GCC_WARN_UNINITIALIZED_AUTOS = YES_AGGRESSIVE;
				GCC_WARN_UNUSED_FUNCTION = YES;
				GCC_WARN_UNUSED_VARIABLE = YES;
				IPHONEOS_DEPLOYMENT_TARGET = 10.1;
				MTL_ENABLE_DEBUG_INFO = NO;
				SDKROOT = iphoneos;
				TARGETED_DEVICE_FAMILY = "1,2";
				VALIDATE_PRODUCT = YES;
			};
			name = Release;
		};
		CF3E58B71DF6591100A1DA17 /* Debug */ = {
			isa = XCBuildConfiguration;
			baseConfigurationReference = D3207418B30183F1B6BA60E2 /* Pods-demo.debug.xcconfig */;
			buildSettings = {
				ASSETCATALOG_COMPILER_APPICON_NAME = AppIcon;
				ASSETCATALOG_COMPILER_LAUNCHIMAGE_NAME = LaunchImage;
				DEVELOPMENT_TEAM = AB86U4DT8H;
				FRAMEWORK_SEARCH_PATHS = (
					"$(inherited)",
					"$(PROJECT_DIR)/demo",
				);
				GCC_PREFIX_HEADER = "$(SRCROOT)/demo/PrefixHeader.pch";
				HEADER_SEARCH_PATHS = (
					"$(inherited)",
					"\"${PODS_ROOT}/Headers/Public\"",
					"\"${PODS_ROOT}/Headers/Public/AFNetworking\"",
					"\"${PODS_ROOT}/Headers/Public/MBProgressHUD\"",
					"$(SRCROOT)/demo/PJSIP/pjlib/include",
					"$(SRCROOT)/demo/PJSIP/pjlib-util/include",
					"$(SRCROOT)/demo/PJSIP/pjnath/include",
					"$(SRCROOT)/demo/PJSIP/pjmedia/include",
					"$(SRCROOT)/demo/PJSIP/pjsip/include",
					"$(SRCROOT)",
				);
				INFOPLIST_FILE = demo/Info.plist;
				LD_RUNPATH_SEARCH_PATHS = "$(inherited) @executable_path/Frameworks";
				LIBRARY_SEARCH_PATHS = (
					"$(inherited)",
					"$(PROJECT_DIR)/demo/Engine/HMT",
					"$(PROJECT_DIR)/demo/PJSIP/pjlib/lib",
					"$(PROJECT_DIR)/demo/PJSIP/pjlib-util/lib",
					"$(PROJECT_DIR)/demo/PJSIP/pjmedia/lib",
					"$(PROJECT_DIR)/demo/PJSIP/pjnath/lib",
					"$(PROJECT_DIR)/demo/PJSIP/pjsip/lib",
					"$(PROJECT_DIR)/demo/PJSIP/third_party",
					"$(PROJECT_DIR)/demo/Seattle/lib",
					"$(PROJECT_DIR)/demo/HMT",
				);
				PRODUCT_BUNDLE_IDENTIFIER = com.cootek.by.demo;
				PRODUCT_NAME = "$(TARGET_NAME)";
				TARGETED_DEVICE_FAMILY = 1;
			};
			name = Debug;
		};
		CF3E58B81DF6591100A1DA17 /* Release */ = {
			isa = XCBuildConfiguration;
			baseConfigurationReference = 9B8AC4CB024E39CBD11D9C99 /* Pods-demo.release.xcconfig */;
			buildSettings = {
				ASSETCATALOG_COMPILER_APPICON_NAME = AppIcon;
				ASSETCATALOG_COMPILER_LAUNCHIMAGE_NAME = LaunchImage;
				DEVELOPMENT_TEAM = AB86U4DT8H;
				FRAMEWORK_SEARCH_PATHS = (
					"$(inherited)",
					"$(PROJECT_DIR)/demo",
				);
				GCC_PREFIX_HEADER = "$(SRCROOT)/demo/PrefixHeader.pch";
				HEADER_SEARCH_PATHS = (
					"$(inherited)",
					"\"${PODS_ROOT}/Headers/Public\"",
					"\"${PODS_ROOT}/Headers/Public/AFNetworking\"",
					"\"${PODS_ROOT}/Headers/Public/MBProgressHUD\"",
					"$(SRCROOT)/demo/PJSIP/pjlib/include",
					"$(SRCROOT)/demo/PJSIP/pjlib-util/include",
					"$(SRCROOT)/demo/PJSIP/pjnath/include",
					"$(SRCROOT)/demo/PJSIP/pjmedia/include",
					"$(SRCROOT)/demo/PJSIP/pjsip/include",
					"$(SRCROOT)",
				);
				INFOPLIST_FILE = demo/Info.plist;
				LD_RUNPATH_SEARCH_PATHS = "$(inherited) @executable_path/Frameworks";
				LIBRARY_SEARCH_PATHS = (
					"$(inherited)",
					"$(PROJECT_DIR)/demo/Engine/HMT",
					"$(PROJECT_DIR)/demo/PJSIP/pjlib/lib",
					"$(PROJECT_DIR)/demo/PJSIP/pjlib-util/lib",
					"$(PROJECT_DIR)/demo/PJSIP/pjmedia/lib",
					"$(PROJECT_DIR)/demo/PJSIP/pjnath/lib",
					"$(PROJECT_DIR)/demo/PJSIP/pjsip/lib",
					"$(PROJECT_DIR)/demo/PJSIP/third_party",
					"$(PROJECT_DIR)/demo/Seattle/lib",
					"$(PROJECT_DIR)/demo/HMT",
				);
				PRODUCT_BUNDLE_IDENTIFIER = com.cootek.by.demo;
				PRODUCT_NAME = "$(TARGET_NAME)";
				TARGETED_DEVICE_FAMILY = 1;
			};
			name = Release;
		};
		CF3E58BA1DF6591100A1DA17 /* Debug */ = {
			isa = XCBuildConfiguration;
			buildSettings = {
				BUNDLE_LOADER = "$(TEST_HOST)";
				INFOPLIST_FILE = demoTests/Info.plist;
				LD_RUNPATH_SEARCH_PATHS = "$(inherited) @executable_path/Frameworks @loader_path/Frameworks";
				PRODUCT_BUNDLE_IDENTIFIER = com.cootek.by.demoTests;
				PRODUCT_NAME = "$(TARGET_NAME)";
				TEST_HOST = "$(BUILT_PRODUCTS_DIR)/demo.app/demo";
			};
			name = Debug;
		};
		CF3E58BB1DF6591100A1DA17 /* Release */ = {
			isa = XCBuildConfiguration;
			buildSettings = {
				BUNDLE_LOADER = "$(TEST_HOST)";
				INFOPLIST_FILE = demoTests/Info.plist;
				LD_RUNPATH_SEARCH_PATHS = "$(inherited) @executable_path/Frameworks @loader_path/Frameworks";
				PRODUCT_BUNDLE_IDENTIFIER = com.cootek.by.demoTests;
				PRODUCT_NAME = "$(TARGET_NAME)";
				TEST_HOST = "$(BUILT_PRODUCTS_DIR)/demo.app/demo";
			};
			name = Release;
		};
		CF3E58BD1DF6591100A1DA17 /* Debug */ = {
			isa = XCBuildConfiguration;
			buildSettings = {
				INFOPLIST_FILE = demoUITests/Info.plist;
				LD_RUNPATH_SEARCH_PATHS = "$(inherited) @executable_path/Frameworks @loader_path/Frameworks";
				PRODUCT_BUNDLE_IDENTIFIER = com.cootek.by.demoUITests;
				PRODUCT_NAME = "$(TARGET_NAME)";
				TEST_TARGET_NAME = demo;
			};
			name = Debug;
		};
		CF3E58BE1DF6591100A1DA17 /* Release */ = {
			isa = XCBuildConfiguration;
			buildSettings = {
				INFOPLIST_FILE = demoUITests/Info.plist;
				LD_RUNPATH_SEARCH_PATHS = "$(inherited) @executable_path/Frameworks @loader_path/Frameworks";
				PRODUCT_BUNDLE_IDENTIFIER = com.cootek.by.demoUITests;
				PRODUCT_NAME = "$(TARGET_NAME)";
				TEST_TARGET_NAME = demo;
			};
			name = Release;
		};
/* End XCBuildConfiguration section */

/* Begin XCConfigurationList section */
		CF3E58841DF6591100A1DA17 /* Build configuration list for PBXProject "demo" */ = {
			isa = XCConfigurationList;
			buildConfigurations = (
				CF3E58B41DF6591100A1DA17 /* Debug */,
				CF3E58B51DF6591100A1DA17 /* Release */,
			);
			defaultConfigurationIsVisible = 0;
			defaultConfigurationName = Release;
		};
		CF3E58B61DF6591100A1DA17 /* Build configuration list for PBXNativeTarget "demo" */ = {
			isa = XCConfigurationList;
			buildConfigurations = (
				CF3E58B71DF6591100A1DA17 /* Debug */,
				CF3E58B81DF6591100A1DA17 /* Release */,
			);
			defaultConfigurationIsVisible = 0;
			defaultConfigurationName = Release;
		};
		CF3E58B91DF6591100A1DA17 /* Build configuration list for PBXNativeTarget "demoTests" */ = {
			isa = XCConfigurationList;
			buildConfigurations = (
				CF3E58BA1DF6591100A1DA17 /* Debug */,
				CF3E58BB1DF6591100A1DA17 /* Release */,
			);
			defaultConfigurationIsVisible = 0;
			defaultConfigurationName = Release;
		};
		CF3E58BC1DF6591100A1DA17 /* Build configuration list for PBXNativeTarget "demoUITests" */ = {
			isa = XCConfigurationList;
			buildConfigurations = (
				CF3E58BD1DF6591100A1DA17 /* Debug */,
				CF3E58BE1DF6591100A1DA17 /* Release */,
			);
			defaultConfigurationIsVisible = 0;
			defaultConfigurationName = Release;
		};
/* End XCConfigurationList section */
	};
	rootObject = CF3E58811DF6591100A1DA17 /* Project object */;
}
